
Microsoft Visual Studio Solution File, Format Version 12.00
# Visual Studio 15
VisualStudioVersion = 15.0.27428.2037
MinimumVisualStudioVersion = 10.0.40219.1
Project("{9A19103F-16F7-4668-BE54-9A1E7A4F7556}") = "Passenger.Infrastructure", "Passenger.Infrastructure\Passenger.Infrastructure.csproj", "{7658CCBD-AFE1-4C62-AD0E-5CB17D195F11}"
	ProjectSection(ProjectDependencies) = postProject
		{638B7725-B4ED-4373-8A33-AFCA5851635B} = {638B7725-B4ED-4373-8A33-AFCA5851635B}
	EndProjectSection
EndProject
Project("{9A19103F-16F7-4668-BE54-9A1E7A4F7556}") = "Passenger.Api", "Passenger.Api\Passenger.Api.csproj", "{C4A56212-835E-4E8C-8011-F6D896C9AEC6}"
EndProject
Project("{9A19103F-16F7-4668-BE54-9A1E7A4F7556}") = "Passenger.Core", "Passenger.Core\Passenger.Core.csproj", "{638B7725-B4ED-4373-8A33-AFCA5851635B}"
EndProject
Project("{9A19103F-16F7-4668-BE54-9A1E7A4F7556}") = "Passenger.Tests", "Passenger.Tests\Passenger.Tests.csproj", "{5E71934B-56CA-4784-B822-CC5D8BD7B424}"
EndProject
Project("{9A19103F-16F7-4668-BE54-9A1E7A4F7556}") = "Passenger.Tests.EndToEnd", "Passenger.Tests.EndToEnd\Passenger.Tests.EndToEnd.csproj", "{83B43A1D-EF29-43D5-BF3B-01963C456559}"
EndProject
Global
	GlobalSection(SolutionConfigurationPlatforms) = preSolution
		Debug|Any CPU = Debug|Any CPU
		Release|Any CPU = Release|Any CPU
	EndGlobalSection
	GlobalSection(ProjectConfigurationPlatforms) = postSolution
		{7658CCBD-AFE1-4C62-AD0E-5CB17D195F11}.Debug|Any CPU.ActiveCfg = Debug|Any CPU
		{7658CCBD-AFE1-4C62-AD0E-5CB17D195F11}.Debug|Any CPU.Build.0 = Debug|Any CPU
		{7658CCBD-AFE1-4C62-AD0E-5CB17D195F11}.Release|Any CPU.ActiveCfg = Release|Any CPU
		{7658CCBD-AFE1-4C62-AD0E-5CB17D195F11}.Release|Any CPU.Build.0 = Release|Any CPU
		{C4A56212-835E-4E8C-8011-F6D896C9AEC6}.Debug|Any CPU.ActiveCfg = Debug|Any CPU
		{C4A56212-835E-4E8C-8011-F6D896C9AEC6}.Debug|Any CPU.Build.0 = Debug|Any CPU
		{C4A56212-835E-4E8C-8011-F6D896C9AEC6}.Release|Any CPU.ActiveCfg = Release|Any CPU
		{C4A56212-835E-4E8C-8011-F6D896C9AEC6}.Release|Any CPU.Build.0 = Release|Any CPU
		{638B7725-B4ED-4373-8A33-AFCA5851635B}.Debug|Any CPU.ActiveCfg = Debug|Any CPU
		{638B7725-B4ED-4373-8A33-AFCA5851635B}.Debug|Any CPU.Build.0 = Debug|Any CPU
		{638B7725-B4ED-4373-8A33-AFCA5851635B}.Release|Any CPU.ActiveCfg = Release|Any CPU
		{638B7725-B4ED-4373-8A33-AFCA5851635B}.Release|Any CPU.Build.0 = Release|Any CPU
		{5E71934B-56CA-4784-B822-CC5D8BD7B424}.Debug|Any CPU.ActiveCfg = Debug|Any CPU
		{5E71934B-56CA-4784-B822-CC5D8BD7B424}.Debug|Any CPU.Build.0 = Debug|Any CPU
		{5E71934B-56CA-4784-B822-CC5D8BD7B424}.Release|Any CPU.ActiveCfg = Release|Any CPU
		{5E71934B-56CA-4784-B822-CC5D8BD7B424}.Release|Any CPU.Build.0 = Release|Any CPU
		{83B43A1D-EF29-43D5-BF3B-01963C456559}.Debug|Any CPU.ActiveCfg = Debug|Any CPU
		{83B43A1D-EF29-43D5-BF3B-01963C456559}.Debug|Any CPU.Build.0 = Debug|Any CPU
		{83B43A1D-EF29-43D5-BF3B-01963C456559}.Release|Any CPU.ActiveCfg = Release|Any CPU
		{83B43A1D-EF29-43D5-BF3B-01963C456559}.Release|Any CPU.Build.0 = Release|Any CPU
	EndGlobalSection
	GlobalSection(SolutionProperties) = preSolution
		HideSolutionNode = FALSE
	EndGlobalSection
	GlobalSection(ExtensibilityGlobals) = postSolution
		SolutionGuid = {D444CE00-9564-4E37-A45B-6ACEAEE6FC06}
	EndGlobalSection
EndGlobal
